
Microsoft Visual Studio Solution File, Format Version 12.00
# Visual Studio Version 16
VisualStudioVersion = 16.0.31702.278
MinimumVisualStudioVersion = 10.0.40219.1
Project("{FAE04EC0-301F-11D3-BF4B-00C04F79EFBC}") = "Velzon", "Velzon\Velzon.csproj", "{B514B032-802C-4DD7-BF7F-AFF8E850E8D0}"
EndProject
Global
	GlobalSection(SolutionConfigurationPlatforms) = preSolution
		Debug|Any CPU = Debug|Any CPU
		Release|Any CPU = Release|Any CPU
	EndGlobalSection
	GlobalSection(ProjectConfigurationPlatforms) = postSolution
		{B514B032-802C-4DD7-BF7F-AFF8E850E8D0}.Debug|Any CPU.ActiveCfg = Debug|Any CPU
		{B514B032-802C-4DD7-BF7F-AFF8E850E8D0}.Debug|Any CPU.Build.0 = Debug|Any CPU
		{B514B032-802C-4DD7-BF7F-AFF8E850E8D0}.Release|Any CPU.ActiveCfg = Release|Any CPU
		{B514B032-802C-4DD7-BF7F-AFF8E850E8D0}.Release|Any CPU.Build.0 = Release|Any CPU
	EndGlobalSection
	GlobalSection(SolutionProperties) = preSolution
		HideSolutionNode = FALSE
	EndGlobalSection
	GlobalSection(ExtensibilityGlobals) = postSolution
		SolutionGuid = {8D3D8A69-E8BC-4846-9B1B-292E9620323E}
	EndGlobalSection
EndGlobal
